PODS:
  - agora_rtc_ng (6.0.0-beta.2):
    - AgoraIrisRTC_iOS (= 4.0.0-beta.2)
    - AgoraRtcEngine_iOS (= 4.0.0-rc.1)
    - Flutter
  - AgoraIrisRTC_iOS (4.0.0-beta.2)
  - AgoraRtcEngine_iOS (4.0.0-rc.1):
    - AgoraRtcEngine_iOS/AINS (= 4.0.0-rc.1)
    - AgoraRtcEngine_iOS/AudioBeauty (= 4.0.0-rc.1)
    - AgoraRtcEngine_iOS/ClearVision (= 4.0.0-rc.1)
    - AgoraRtcEngine_iOS/ContentInspect (= 4.0.0-rc.1)
    - AgoraRtcEngine_iOS/PVC (= 4.0.0-rc.1)
    - AgoraRtcEngine_iOS/ReplayKit (= 4.0.0-rc.1)
    - AgoraRtcEngine_iOS/RtcBasic (= 4.0.0-rc.1)
    - AgoraRtcEngine_iOS/SpatialAudio (= 4.0.0-rc.1)
    - AgoraRtcEngine_iOS/SuperResolution (= 4.0.0-rc.1)
    - AgoraRtcEngine_iOS/VirtualBackground (= 4.0.0-rc.1)
  - AgoraRtcEngine_iOS/AINS (4.0.0-rc.1)
  - AgoraRtcEngine_iOS/AudioBeauty (4.0.0-rc.1)
  - AgoraRtcEngine_iOS/ClearVision (4.0.0-rc.1)
  - AgoraRtcEngine_iOS/ContentInspect (4.0.0-rc.1)
  - AgoraRtcEngine_iOS/PVC (4.0.0-rc.1)
  - AgoraRtcEngine_iOS/ReplayKit (4.0.0-rc.1)
  - AgoraRtcEngine_iOS/RtcBasic (4.0.0-rc.1)
  - AgoraRtcEngine_iOS/SpatialAudio (4.0.0-rc.1)
  - AgoraRtcEngine_iOS/SuperResolution (4.0.0-rc.1)
  - AgoraRtcEngine_iOS/VirtualBackground (4.0.0-rc.1)
  - Flutter (1.0.0)
  - iris_event (0.0.1):
    - Flutter
    - iris_event_handler
  - iris_event_handler (1.0.0)
  - path_provider_ios (0.0.1):
    - Flutter
  - "permission_handler (5.1.0+2)":
    - Flutter

DEPENDENCIES:
  - agora_rtc_ng (from `.symlinks/plugins/agora_rtc_ng/ios`)
  - Flutter (from `Flutter`)
  - iris_event (from `.symlinks/plugins/iris_event/ios`)
  - iris_event_handler (from `.symlinks/plugins/iris_event/ios`)
  - path_provider_ios (from `.symlinks/plugins/path_provider_ios/ios`)
  - permission_handler (from `.symlinks/plugins/permission_handler/ios`)

SPEC REPOS:
  trunk:
    - AgoraIrisRTC_iOS
    - AgoraRtcEngine_iOS

EXTERNAL SOURCES:
  agora_rtc_ng:
    :path: ".symlinks/plugins/agora_rtc_ng/ios"
  Flutter:
    :path: Flutter
  iris_event:
    :path: ".symlinks/plugins/iris_event/ios"
  iris_event_handler:
    :path: ".symlinks/plugins/iris_event/ios"
  path_provider_ios:
    :path: ".symlinks/plugins/path_provider_ios/ios"
  permission_handler:
    :path: ".symlinks/plugins/permission_handler/ios"

SPEC CHECKSUMS:
  agora_rtc_ng: 9502ee9011f50f14e41d708fcc9e1bd30d0de7b4
  AgoraIrisRTC_iOS: 0fe2becf7259eb5cea790b4d9e524269f3fa920f
  AgoraRtcEngine_iOS: 1b78af79120066c230cf9281d8587813ce6a8323
  Flutter: 50d75fe2f02b26cc09d224853bb45737f8b3214a
  iris_event: 5e57592332e13d2b019185be65cf69bdb85d9146
  iris_event_handler: cd2d870e191a1524499dc2888afbf4ca0683f95e
  path_provider_ios: 14f3d2fd28c4fdb42f44e0f751d12861c43cee02
  permission_handler: ccb20a9fad0ee9b1314a52b70b76b473c5f8dab0

PODFILE CHECKSUM: 0ae9bc61eba0fd1ae06e0bfdc7ba505f25a284de

COCOAPODS: 1.11.3
