PODS:
  - agora_rtc_ng (0.0.1):
    - AgoraIrisRTC_macOS (= 4.0.0-beta.2)
    - AgoraRtcEngine_macOS (= 4.0.0-rc.1)
    - FlutterMacOS
  - AgoraIrisRTC_macOS (4.0.0-beta.2)
  - AgoraRtcEngine_macOS (4.0.0-rc.1):
    - AgoraRtcEngine_macOS/AINS (= 4.0.0-rc.1)
    - AgoraRtcEngine_macOS/AudioBeauty (= 4.0.0-rc.1)
    - AgoraRtcEngine_macOS/ClearVision (= 4.0.0-rc.1)
    - AgoraRtcEngine_macOS/ContentInspect (= 4.0.0-rc.1)
    - AgoraRtcEngine_macOS/PVC (= 4.0.0-rc.1)
    - AgoraRtcEngine_macOS/RtcBasic (= 4.0.0-rc.1)
    - AgoraRtcEngine_macOS/SpatialAudio (= 4.0.0-rc.1)
    - AgoraRtcEngine_macOS/VirtualBackground (= 4.0.0-rc.1)
  - AgoraRtcEngine_macOS/AINS (4.0.0-rc.1)
  - AgoraRtcEngine_macOS/AudioBeauty (4.0.0-rc.1)
  - AgoraRtcEngine_macOS/ClearVision (4.0.0-rc.1)
  - AgoraRtcEngine_macOS/ContentInspect (4.0.0-rc.1)
  - AgoraRtcEngine_macOS/PVC (4.0.0-rc.1)
  - AgoraRtcEngine_macOS/RtcBasic (4.0.0-rc.1)
  - AgoraRtcEngine_macOS/SpatialAudio (4.0.0-rc.1)
  - AgoraRtcEngine_macOS/VirtualBackground (4.0.0-rc.1)
  - FlutterMacOS (1.0.0)
  - iris_event (0.0.1):
    - FlutterMacOS
    - iris_event_handler
  - iris_event_handler (1.0.0)
  - path_provider_macos (0.0.1):
    - FlutterMacOS

DEPENDENCIES:
  - agora_rtc_ng (from `Flutter/ephemeral/.symlinks/plugins/agora_rtc_ng/macos`)
  - FlutterMacOS (from `Flutter/ephemeral`)
  - iris_event (from `Flutter/ephemeral/.symlinks/plugins/iris_event/macos`)
  - iris_event_handler (from `Flutter/ephemeral/.symlinks/plugins/iris_event/macos`)
  - path_provider_macos (from `Flutter/ephemeral/.symlinks/plugins/path_provider_macos/macos`)

SPEC REPOS:
  trunk:
    - AgoraIrisRTC_macOS
    - AgoraRtcEngine_macOS

EXTERNAL SOURCES:
  agora_rtc_ng:
    :path: Flutter/ephemeral/.symlinks/plugins/agora_rtc_ng/macos
  FlutterMacOS:
    :path: Flutter/ephemeral
  iris_event:
    :path: Flutter/ephemeral/.symlinks/plugins/iris_event/macos
  iris_event_handler:
    :path: Flutter/ephemeral/.symlinks/plugins/iris_event/macos
  path_provider_macos:
    :path: Flutter/ephemeral/.symlinks/plugins/path_provider_macos/macos

SPEC CHECKSUMS:
  agora_rtc_ng: ae1bbaa2ec66f0f1b18a8fb41a055b2cdda42829
  AgoraIrisRTC_macOS: 5d9fdd1988f45d430506ee420bc95dc038e105db
  AgoraRtcEngine_macOS: 03b5775f37dde2832bc63b7f7f6c076077eaf28c
  FlutterMacOS: 57701585bf7de1b3fc2bb61f6378d73bbdea8424
  iris_event: b013c00dd8b6724d4191f1f3144300786d04eaa5
  iris_event_handler: fbe9089fe354cec759b6568a273cf13d365f7579
  path_provider_macos: 3c0c3b4b0d4a76d2bf989a913c2de869c5641a19

PODFILE CHECKSUM: c02ef8d443ea0ea90522fffa0115411b915b085e

COCOAPODS: 1.11.3
