PODS:
  - agora_rtc_ng (0.0.1):
    - AgoraRtcWrapper
    - FlutterMacOS
  - AgoraRtcWrapper (3.6.2)
  - FlutterMacOS (1.0.0)
  - iris_event (0.0.1):
    - FlutterMacOS
    - iris_event_handler
  - iris_event_handler (1.0.0)
  - path_provider_macos (0.0.1):
    - FlutterMacOS

DEPENDENCIES:
  - agora_rtc_ng (from `Flutter/ephemeral/.symlinks/plugins/agora_rtc_ng/macos`)
  - AgoraRtcWrapper (from `Flutter/ephemeral/.symlinks/plugins/agora_rtc_ng/macos`)
  - FlutterMacOS (from `Flutter/ephemeral`)
  - iris_event (from `Flutter/ephemeral/.symlinks/plugins/iris_event/macos`)
  - iris_event_handler (from `Flutter/ephemeral/.symlinks/plugins/iris_event/macos`)
  - path_provider_macos (from `Flutter/ephemeral/.symlinks/plugins/path_provider_macos/macos`)

EXTERNAL SOURCES:
  agora_rtc_ng:
    :path: Flutter/ephemeral/.symlinks/plugins/agora_rtc_ng/macos
  AgoraRtcWrapper:
    :path: Flutter/ephemeral/.symlinks/plugins/agora_rtc_ng/macos
  FlutterMacOS:
    :path: Flutter/ephemeral
  iris_event:
    :path: Flutter/ephemeral/.symlinks/plugins/iris_event/macos
  iris_event_handler:
    :path: Flutter/ephemeral/.symlinks/plugins/iris_event/macos
  path_provider_macos:
    :path: Flutter/ephemeral/.symlinks/plugins/path_provider_macos/macos

SPEC CHECKSUMS:
  agora_rtc_ng: 3d55b53282afe70dc8c9e922ba7e64c911cf028a
  AgoraRtcWrapper: 5ec7ed0a24c3d5a15783b24b7db8e670e99fb6a8
  FlutterMacOS: 57701585bf7de1b3fc2bb61f6378d73bbdea8424
  iris_event: b013c00dd8b6724d4191f1f3144300786d04eaa5
  iris_event_handler: fbe9089fe354cec759b6568a273cf13d365f7579
  path_provider_macos: 3c0c3b4b0d4a76d2bf989a913c2de869c5641a19

PODFILE CHECKSUM: 4f59d30a0204c4252729cd4af0954e4709c5007e

COCOAPODS: 1.11.3
