PODS:
  - agora_rtc_engine (0.0.1):
    - AgoraRtcWrapper
    - FlutterMacOS
  - AgoraIrisEventFlutter_macOS (1.2.0.1)
  - AgoraRtcWrapper (3.6.2)
  - FlutterMacOS (1.0.0)
  - iris_event (0.0.1):
    - AgoraIrisEventFlutter_macOS (= 1.2.0.1)
    - FlutterMacOS
  - path_provider_macos (0.0.1):
    - FlutterMacOS

DEPENDENCIES:
  - agora_rtc_engine (from `Flutter/ephemeral/.symlinks/plugins/agora_rtc_engine/macos`)
  - AgoraRtcWrapper (from `Flutter/ephemeral/.symlinks/plugins/agora_rtc_engine/macos`)
  - FlutterMacOS (from `Flutter/ephemeral`)
  - iris_event (from `Flutter/ephemeral/.symlinks/plugins/iris_event/macos`)
  - path_provider_macos (from `Flutter/ephemeral/.symlinks/plugins/path_provider_macos/macos`)

SPEC REPOS:
  trunk:
    - AgoraIrisEventFlutter_macOS

EXTERNAL SOURCES:
  agora_rtc_engine:
    :path: Flutter/ephemeral/.symlinks/plugins/agora_rtc_engine/macos
  AgoraRtcWrapper:
    :path: Flutter/ephemeral/.symlinks/plugins/agora_rtc_engine/macos
  FlutterMacOS:
    :path: Flutter/ephemeral
  iris_event:
    :path: Flutter/ephemeral/.symlinks/plugins/iris_event/macos
  path_provider_macos:
    :path: Flutter/ephemeral/.symlinks/plugins/path_provider_macos/macos

SPEC CHECKSUMS:
  agora_rtc_engine: 9ae7f2092d6ccb997f2340ce9d8804a3cbc52e57
  AgoraIrisEventFlutter_macOS: 1de90a95ca12c04e54423192b97c7be4a95a041b
  AgoraRtcWrapper: 5ec7ed0a24c3d5a15783b24b7db8e670e99fb6a8
  FlutterMacOS: 57701585bf7de1b3fc2bb61f6378d73bbdea8424
  iris_event: 6bfd53f7ba65910bc1667d7312e6617d0e711118
  path_provider_macos: 3c0c3b4b0d4a76d2bf989a913c2de869c5641a19

PODFILE CHECKSUM: f2bb58df3d6831896daff86d3d01fbec4595dc04

COCOAPODS: 1.11.3
